
Microsoft Visual Studio Solution File, Format Version 12.00
# Visual Studio 15
VisualStudioVersion = 15.0.28307.168
MinimumVisualStudioVersion = 10.0.40219.1
Project("{FAE04EC0-301F-11D3-BF4B-00C04F79EFBC}") = "SignalrClient", "SignalrClient\SignalrClient.csproj", "{34E886E1-B189-4CBC-9E0F-3239CC75B4EC}"
EndProject
Global
	GlobalSection(SolutionConfigurationPlatforms) = preSolution
		Debug|Any CPU = Debug|Any CPU
		Release|Any CPU = Release|Any CPU
	EndGlobalSection
	GlobalSection(ProjectConfigurationPlatforms) = postSolution
		{34E886E1-B189-4CBC-9E0F-3239CC75B4EC}.Debug|Any CPU.ActiveCfg = Debug|Any CPU
		{34E886E1-B189-4CBC-9E0F-3239CC75B4EC}.Debug|Any CPU.Build.0 = Debug|Any CPU
		{34E886E1-B189-4CBC-9E0F-3239CC75B4EC}.Release|Any CPU.ActiveCfg = Release|Any CPU
		{34E886E1-B189-4CBC-9E0F-3239CC75B4EC}.Release|Any CPU.Build.0 = Release|Any CPU
	EndGlobalSection
	GlobalSection(SolutionProperties) = preSolution
		HideSolutionNode = FALSE
	EndGlobalSection
	GlobalSection(ExtensibilityGlobals) = postSolution
		SolutionGuid = {259FF06C-0F65-4A98-8432-08C5919FF6BA}
	EndGlobalSection
EndGlobal
